
Microsoft Visual Studio Solution File, Format Version 12.00
# Visual Studio Version 17
VisualStudioVersion = 17.11.35327.3
MinimumVisualStudioVersion = 10.0.40219.1
Project("{FAE04EC0-301F-11D3-BF4B-00C04F79EFBC}") = "Consola1", "Consola1.csproj", "{A3920F17-A08E-484F-AC26-B2BE882CD9D3}"
EndProject
Global
	GlobalSection(SolutionConfigurationPlatforms) = preSolution
		Debug|Any CPU = Debug|Any CPU
		Release|Any CPU = Release|Any CPU
	EndGlobalSection
	GlobalSection(ProjectConfigurationPlatforms) = postSolution
		{A3920F17-A08E-484F-AC26-B2BE882CD9D3}.Debug|Any CPU.ActiveCfg = Debug|Any CPU
		{A3920F17-A08E-484F-AC26-B2BE882CD9D3}.Debug|Any CPU.Build.0 = Debug|Any CPU
		{A3920F17-A08E-484F-AC26-B2BE882CD9D3}.Release|Any CPU.ActiveCfg = Release|Any CPU
		{A3920F17-A08E-484F-AC26-B2BE882CD9D3}.Release|Any CPU.Build.0 = Release|Any CPU
	EndGlobalSection
	GlobalSection(SolutionProperties) = preSolution
		HideSolutionNode = FALSE
	EndGlobalSection
	GlobalSection(ExtensibilityGlobals) = postSolution
		SolutionGuid = {D8BA4CA9-5A35-48F5-B661-846A9B63CA13}
	EndGlobalSection
EndGlobal
